
Microsoft Visual Studio Solution File, Format Version 12.00
Project("{FAE04EC0-301F-11D3-BF4B-00C04F79EFBC}") = "Api", "Api\Api.csproj", "{96795CB2-D439-41A2-913F-D2A081FB236B}"
EndProject
Project("{FAE04EC0-301F-11D3-BF4B-00C04F79EFBC}") = "Tools", "Tools\Tools.csproj", "{67230277-3012-491C-9AA7-DFE41DCA07C0}"
EndProject
Project("{FAE04EC0-301F-11D3-BF4B-00C04F79EFBC}") = "QuotesEndpoint", "QuotesEndpoint\QuotesEndpoint.csproj", "{B59076B5-EFD1-46A3-81BB-12EC3FDAAFBD}"
EndProject
Project("{FAE04EC0-301F-11D3-BF4B-00C04F79EFBC}") = "PeopleEndpoint", "PeopleEndpoint\PeopleEndpoint.csproj", "{3450AC0B-10CB-46EA-A547-2E84C73C7E9C}"
EndProject
Project("{2150E333-8FDC-42A3-9474-1A3956D46DE8}") = "Core", "Core", "{A9C59C09-3559-43F9-8048-9B2CE4579F14}"
EndProject
Project("{FAE04EC0-301F-11D3-BF4B-00C04F79EFBC}") = "Domain", "Domain\Domain.csproj", "{D8585555-C8A8-4A31-B935-183673A8B16E}"
EndProject
Project("{FAE04EC0-301F-11D3-BF4B-00C04F79EFBC}") = "Application", "Application\Application.csproj", "{6CF271CF-73FB-47D2-A466-5716419D99DB}"
EndProject
Project("{2150E333-8FDC-42A3-9474-1A3956D46DE8}") = "Infrastructure", "Infrastructure", "{7A33C755-4515-4EEE-9951-7F025CEF6C3D}"
EndProject
Project("{FAE04EC0-301F-11D3-BF4B-00C04F79EFBC}") = "Persistence", "Persistence\Persistence.csproj", "{E7E4BC9A-8BF7-4537-A007-A6FFEC9EC546}"
EndProject
Project("{2150E333-8FDC-42A3-9474-1A3956D46DE8}") = "Quotes", "Quotes", "{57D03034-09AA-41C9-BEC4-A2D09237D451}"
EndProject
Project("{FAE04EC0-301F-11D3-BF4B-00C04F79EFBC}") = "Quotes.Features", "Quotes.Features\Quotes.Features.csproj", "{5971E18B-D43B-40F2-9171-D8C5CC68E769}"
EndProject
Project("{FAE04EC0-301F-11D3-BF4B-00C04F79EFBC}") = "Quotes.Model", "Quotes.Model\Quotes.Model.csproj", "{7252AE2A-1408-4943-B5A7-6001B8C1C7B5}"
EndProject
Project("{FAE04EC0-301F-11D3-BF4B-00C04F79EFBC}") = "Quotes.Tests", "Quotes.Tests\Quotes.Tests.csproj", "{0D091E2F-44D7-4ACA-96CE-AB21FA48A136}"
EndProject
Project("{2150E333-8FDC-42A3-9474-1A3956D46DE8}") = "Peoples", "Peoples", "{3B3C90E6-D1DB-414D-B006-A23368DF71D8}"
EndProject
Project("{FAE04EC0-301F-11D3-BF4B-00C04F79EFBC}") = "People.Model", "People.Model\People.Model.csproj", "{14A9169D-825A-4BE9-BDA9-191BA941C6A4}"
EndProject
Project("{FAE04EC0-301F-11D3-BF4B-00C04F79EFBC}") = "People.Features", "People.Features\People.Features.csproj", "{A29E599E-42AE-46B6-AC05-6BF20FE1FCC0}"
EndProject
Global
	GlobalSection(SolutionConfigurationPlatforms) = preSolution
		Debug|Any CPU = Debug|Any CPU
		Release|Any CPU = Release|Any CPU
	EndGlobalSection
	GlobalSection(ProjectConfigurationPlatforms) = postSolution
		{96795CB2-D439-41A2-913F-D2A081FB236B}.Debug|Any CPU.ActiveCfg = Debug|Any CPU
		{96795CB2-D439-41A2-913F-D2A081FB236B}.Debug|Any CPU.Build.0 = Debug|Any CPU
		{96795CB2-D439-41A2-913F-D2A081FB236B}.Release|Any CPU.ActiveCfg = Release|Any CPU
		{96795CB2-D439-41A2-913F-D2A081FB236B}.Release|Any CPU.Build.0 = Release|Any CPU
		{67230277-3012-491C-9AA7-DFE41DCA07C0}.Debug|Any CPU.ActiveCfg = Debug|Any CPU
		{67230277-3012-491C-9AA7-DFE41DCA07C0}.Debug|Any CPU.Build.0 = Debug|Any CPU
		{67230277-3012-491C-9AA7-DFE41DCA07C0}.Release|Any CPU.ActiveCfg = Release|Any CPU
		{67230277-3012-491C-9AA7-DFE41DCA07C0}.Release|Any CPU.Build.0 = Release|Any CPU
		{B59076B5-EFD1-46A3-81BB-12EC3FDAAFBD}.Debug|Any CPU.ActiveCfg = Debug|Any CPU
		{B59076B5-EFD1-46A3-81BB-12EC3FDAAFBD}.Debug|Any CPU.Build.0 = Debug|Any CPU
		{B59076B5-EFD1-46A3-81BB-12EC3FDAAFBD}.Release|Any CPU.ActiveCfg = Release|Any CPU
		{B59076B5-EFD1-46A3-81BB-12EC3FDAAFBD}.Release|Any CPU.Build.0 = Release|Any CPU
		{3450AC0B-10CB-46EA-A547-2E84C73C7E9C}.Debug|Any CPU.ActiveCfg = Debug|Any CPU
		{3450AC0B-10CB-46EA-A547-2E84C73C7E9C}.Debug|Any CPU.Build.0 = Debug|Any CPU
		{3450AC0B-10CB-46EA-A547-2E84C73C7E9C}.Release|Any CPU.ActiveCfg = Release|Any CPU
		{3450AC0B-10CB-46EA-A547-2E84C73C7E9C}.Release|Any CPU.Build.0 = Release|Any CPU
		{D8585555-C8A8-4A31-B935-183673A8B16E}.Debug|Any CPU.ActiveCfg = Debug|Any CPU
		{D8585555-C8A8-4A31-B935-183673A8B16E}.Debug|Any CPU.Build.0 = Debug|Any CPU
		{D8585555-C8A8-4A31-B935-183673A8B16E}.Release|Any CPU.ActiveCfg = Release|Any CPU
		{D8585555-C8A8-4A31-B935-183673A8B16E}.Release|Any CPU.Build.0 = Release|Any CPU
		{6CF271CF-73FB-47D2-A466-5716419D99DB}.Debug|Any CPU.ActiveCfg = Debug|Any CPU
		{6CF271CF-73FB-47D2-A466-5716419D99DB}.Debug|Any CPU.Build.0 = Debug|Any CPU
		{6CF271CF-73FB-47D2-A466-5716419D99DB}.Release|Any CPU.ActiveCfg = Release|Any CPU
		{6CF271CF-73FB-47D2-A466-5716419D99DB}.Release|Any CPU.Build.0 = Release|Any CPU
		{E7E4BC9A-8BF7-4537-A007-A6FFEC9EC546}.Debug|Any CPU.ActiveCfg = Debug|Any CPU
		{E7E4BC9A-8BF7-4537-A007-A6FFEC9EC546}.Debug|Any CPU.Build.0 = Debug|Any CPU
		{E7E4BC9A-8BF7-4537-A007-A6FFEC9EC546}.Release|Any CPU.ActiveCfg = Release|Any CPU
		{E7E4BC9A-8BF7-4537-A007-A6FFEC9EC546}.Release|Any CPU.Build.0 = Release|Any CPU
		{5971E18B-D43B-40F2-9171-D8C5CC68E769}.Debug|Any CPU.ActiveCfg = Debug|Any CPU
		{5971E18B-D43B-40F2-9171-D8C5CC68E769}.Debug|Any CPU.Build.0 = Debug|Any CPU
		{5971E18B-D43B-40F2-9171-D8C5CC68E769}.Release|Any CPU.ActiveCfg = Release|Any CPU
		{5971E18B-D43B-40F2-9171-D8C5CC68E769}.Release|Any CPU.Build.0 = Release|Any CPU
		{7252AE2A-1408-4943-B5A7-6001B8C1C7B5}.Debug|Any CPU.ActiveCfg = Debug|Any CPU
		{7252AE2A-1408-4943-B5A7-6001B8C1C7B5}.Debug|Any CPU.Build.0 = Debug|Any CPU
		{7252AE2A-1408-4943-B5A7-6001B8C1C7B5}.Release|Any CPU.ActiveCfg = Release|Any CPU
		{7252AE2A-1408-4943-B5A7-6001B8C1C7B5}.Release|Any CPU.Build.0 = Release|Any CPU
		{0D091E2F-44D7-4ACA-96CE-AB21FA48A136}.Debug|Any CPU.ActiveCfg = Debug|Any CPU
		{0D091E2F-44D7-4ACA-96CE-AB21FA48A136}.Debug|Any CPU.Build.0 = Debug|Any CPU
		{0D091E2F-44D7-4ACA-96CE-AB21FA48A136}.Release|Any CPU.ActiveCfg = Release|Any CPU
		{0D091E2F-44D7-4ACA-96CE-AB21FA48A136}.Release|Any CPU.Build.0 = Release|Any CPU
		{14A9169D-825A-4BE9-BDA9-191BA941C6A4}.Debug|Any CPU.ActiveCfg = Debug|Any CPU
		{14A9169D-825A-4BE9-BDA9-191BA941C6A4}.Debug|Any CPU.Build.0 = Debug|Any CPU
		{14A9169D-825A-4BE9-BDA9-191BA941C6A4}.Release|Any CPU.ActiveCfg = Release|Any CPU
		{14A9169D-825A-4BE9-BDA9-191BA941C6A4}.Release|Any CPU.Build.0 = Release|Any CPU
		{A29E599E-42AE-46B6-AC05-6BF20FE1FCC0}.Debug|Any CPU.ActiveCfg = Debug|Any CPU
		{A29E599E-42AE-46B6-AC05-6BF20FE1FCC0}.Debug|Any CPU.Build.0 = Debug|Any CPU
		{A29E599E-42AE-46B6-AC05-6BF20FE1FCC0}.Release|Any CPU.ActiveCfg = Release|Any CPU
		{A29E599E-42AE-46B6-AC05-6BF20FE1FCC0}.Release|Any CPU.Build.0 = Release|Any CPU
	EndGlobalSection
	GlobalSection(NestedProjects) = preSolution
		{D8585555-C8A8-4A31-B935-183673A8B16E} = {A9C59C09-3559-43F9-8048-9B2CE4579F14}
		{6CF271CF-73FB-47D2-A466-5716419D99DB} = {A9C59C09-3559-43F9-8048-9B2CE4579F14}
		{E7E4BC9A-8BF7-4537-A007-A6FFEC9EC546} = {7A33C755-4515-4EEE-9951-7F025CEF6C3D}
		{B59076B5-EFD1-46A3-81BB-12EC3FDAAFBD} = {57D03034-09AA-41C9-BEC4-A2D09237D451}
		{5971E18B-D43B-40F2-9171-D8C5CC68E769} = {57D03034-09AA-41C9-BEC4-A2D09237D451}
		{7252AE2A-1408-4943-B5A7-6001B8C1C7B5} = {57D03034-09AA-41C9-BEC4-A2D09237D451}
		{0D091E2F-44D7-4ACA-96CE-AB21FA48A136} = {57D03034-09AA-41C9-BEC4-A2D09237D451}
		{3450AC0B-10CB-46EA-A547-2E84C73C7E9C} = {3B3C90E6-D1DB-414D-B006-A23368DF71D8}
		{14A9169D-825A-4BE9-BDA9-191BA941C6A4} = {3B3C90E6-D1DB-414D-B006-A23368DF71D8}
		{A29E599E-42AE-46B6-AC05-6BF20FE1FCC0} = {3B3C90E6-D1DB-414D-B006-A23368DF71D8}
	EndGlobalSection
EndGlobal
